
Microsoft Visual Studio Solution File, Format Version 11.00
# Visual Studio 2010
Project("{F184B08F-C81C-45F6-A57F-5ABD9991F28F}") = "wwXML", "wwXML\wwXML.vbproj", "{68A9CFBB-7B33-4434-A16B-107F849CEF3E}"
EndProject
Project("{2150E333-8FDC-42A3-9474-1A3956D46DE8}") = "Solution Items", "Solution Items", "{4608B58D-6D84-4B6C-A68D-C5EDEAEF90C1}"
	ProjectSection(SolutionItems) = preProject
		Local.testsettings = Local.testsettings
		TraceAndTestImpact.testsettings = TraceAndTestImpact.testsettings
		wwXML.vsmdi = wwXML.vsmdi
	EndProjectSection
EndProject
Global
	GlobalSection(TestCaseManagementSettings) = postSolution
		CategoryFile = wwXML.vsmdi
	EndGlobalSection
	GlobalSection(SolutionConfigurationPlatforms) = preSolution
		Debug|Any CPU = Debug|Any CPU
		Release|Any CPU = Release|Any CPU
	EndGlobalSection
	GlobalSection(ProjectConfigurationPlatforms) = postSolution
		{68A9CFBB-7B33-4434-A16B-107F849CEF3E}.Debug|Any CPU.ActiveCfg = Debug|Any CPU
		{68A9CFBB-7B33-4434-A16B-107F849CEF3E}.Debug|Any CPU.Build.0 = Debug|Any CPU
		{68A9CFBB-7B33-4434-A16B-107F849CEF3E}.Release|Any CPU.ActiveCfg = Release|Any CPU
		{68A9CFBB-7B33-4434-A16B-107F849CEF3E}.Release|Any CPU.Build.0 = Release|Any CPU
	EndGlobalSection
	GlobalSection(SolutionProperties) = preSolution
		HideSolutionNode = FALSE
	EndGlobalSection
EndGlobal
